{
  "name": "logo-editor",
  "version": "1.0.0",
  "lockfileVersion": 3,
  "requires": true,
  "packages": {
    "": {
      "name": "logo-editor",
      "version": "1.0.0",
      "devDependencies": {
        "vite": "^6.3.5"
      }
    },
    "node_modules/@esbuild/aix-ppc64": {
      "version": "0.25.12",
      "resolved": "https://registry.npmjs.org/@esbuild/aix-ppc64/-/aix-ppc64-0.25.12.tgz",
      "integrity": "sha512-Hhmwd6CInZ3dwpuGTF8fJG6yoWmsToE+vYgD4nytZVxcu1ulHpUQRAB1UJ8+N1Am3Mz4+xOByoQoSZf4D+CpkA==",
      "cpu": ["ppc64"],
      "dev": true,
      "license": "MIT",
      "optional": true,
      "os": ["aix"],
      "engines": {"node": ">=18"}
    },
    "node_modules/@esbuild/darwin-arm64": {
      "version": "0.25.12",
      "resolved": "https://registry.npmjs.org/@esbuild/darwin-arm64/-/darwin-arm64-0.25.12.tgz",
      "integrity": "sha512-N3zl+lxHCifgIlcMUP5016ESkeQjLj/959RxxNYIthIg+CQHInujFuXeWbWMgnTo4cp5XVHqFPmpyu9J65C1Yg==",
      "cpu": ["arm64"],
      "dev": true,
      "license": "MIT",
      "optional": true,
      "os": ["darwin"],
      "engines": {"node": ">=18"}
    },
    "node_modules/esbuild": {
      "version": "0.25.12",
      "resolved": "https://registry.npmjs.org/esbuild/-/esbuild-0.25.12.tgz",
      "integrity": "sha512-bbPBYYrtZbkt6Os6FiTLCTFxvq4tt3JKall1vRwshA3fdVztsLAatFaZobhkBC8/BrPetoa0oksYoKXoG4ryJg==",
      "dev": true,
      "hasInstallScript": true,
      "license": "MIT",
      "bin": {"esbuild": "bin/esbuild"},
      "engines": {"node": ">=18"},
      "optionalDependencies": {
        "@esbuild/aix-ppc64": "0.25.12",
        "@esbuild/darwin-arm64": "0.25.12"
      }
    },
    "node_modules/vite": {
      "version": "6.4.3",
      "resolved": "https://registry.npmjs.org/vite/-/vite-6.4.3.tgz",
      "integrity": "sha512-NTKlcQjlAK7MlQoyb6LgaqHc8sso/pVyUJYWMws3jg21uTJw/LddqIFPcPqP6PzpgbIcZyKI85sFE4HBrQDA8A==",
      "dev": true,
      "license": "MIT",
      "dependencies": {
        "esbuild": "^0.25.0"
      },
      "bin": {"vite": "bin/vite.js"},
      "engines": {"node": "^18.0.0 || ^20.0.0 || >=22.0.0"}
    }
  }
}