{
  "name": "logo-editor",
  "version": "1.0.0",
  "lockfileVersion": 3,
  "requires": true,
  "packages": {
    "": {
      "name": "logo-editor",
      "version": "1.0.0",
      "devDependencies": {
        "vite": "^6.3.5"
      }
    },
    "node_modules/fdir": {
      "version": "6.5.0",
      "resolved": "https://registry.npmjs.org/fdir/-/fdir-6.5.0.tgz",
      "integrity": "sha512-tIbYtZbucOs0BRGqPJkshJUYdL+SDH7dVM8gjy+ERp3WAUjLEFJE+02kanyHtwjWOnwrKYBiwAmM0p4kLJAnXg==",
      "dev": true,
      "license": "MIT"
    },
    "node_modules/rollup": {
      "version": "4.61.1",
      "resolved": "https://registry.npmjs.org/rollup/-/rollup-4.61.1.tgz",
      "integrity": "sha512-I4KW6iuRpuu2uHBLraZ1wNZe0DP7lnRha+VJ9tNaYVaVgKhW0aI3h4RYnoRPeql0flHm/Co55b7snEDcOfOJrA==",
      "dev": true,
      "license": "MIT"
    },
    "node_modules/vite": {
      "version": "6.4.3",
      "resolved": "https://registry.npmjs.org/vite/-/vite-6.4.3.tgz",
      "integrity": "sha512-NTKlcQjlAK7MlQoyb6LgaqHc8sso/pVyUJYWMws3jg21uTJw/LddqIFPcPqP6PzpgbIcZyKI85sFE4HBrQDA8A==",
      "dev": true,
      "license": "MIT",
      "dependencies": {
        "fdir": "^6.4.4",
        "rollup": "^4.34.9"
      }
    }
  }
}